<?xml version="1.0" encoding="utf-8"?>
<Project ToolsVersion="4.0" xmlns="http://schemas.microsoft.com/developer/msbuild/2003">
  <ItemGroup>
    <Filter Include="Source Files">
      <UniqueIdentifier>{4FC737F1-C7A5-4376-A066-2A32D752A2FF}</UniqueIdentifier>
      <Extensions>cpp;c;cc;cxx;def;odl;idl;hpj;bat;asm;asmx</Extensions>
    </Filter>
    <Filter Include="Header Files">
      <UniqueIdentifier>{93995380-89BD-4b04-88EB-625FBE52EBFB}</UniqueIdentifier>
      <Extensions>h;hh;hpp;hxx;hm;inl;inc;xsd</Extensions>
    </Filter>
    <Filter Include="Resource Files">
      <UniqueIdentifier>{67DA6AB6-F800-4c08-8B7A-83BB121AAD01}</UniqueIdentifier>
      <Extensions>rc;ico;cur;bmp;dlg;rc2;rct;bin;rgs;gif;jpg;jpeg;jpe;resx;tiff;tif;png;wav;mfcribbon-ms</Extensions>
    </Filter>
    <Filter Include="Header Files\camera">
      <UniqueIdentifier>{dd5829ad-e0d9-4e90-9fd0-a8b522583d6e}</UniqueIdentifier>
    </Filter>
    <Filter Include="Source Files\camera">
      <UniqueIdentifier>{15ed9c10-00a0-495e-9fda-91b59182870d}</UniqueIdentifier>
    </Filter>
    <Filter Include="Header Files\image">
      <UniqueIdentifier>{501adf53-b68e-40e5-b646-62f30343cdb5}</UniqueIdentifier>
    </Filter>
    <Filter Include="Source Files\image">
      <UniqueIdentifier>{7eb4fc47-cbde-4d88-8de3-a83abc9c0cbd}</UniqueIdentifier>
    </Filter>
    <Filter Include="Source Files\mesh">
      <UniqueIdentifier>{912d11dc-6e88-4197-b6de-d5b0ca3601e4}</UniqueIdentifier>
    </Filter>
    <Filter Include="Header Files\mesh">
      <UniqueIdentifier>{f7194681-0b0d-4db2-a17f-c8382a8809ae}</UniqueIdentifier>
    </Filter>
    <Filter Include="Header Files\ogl">
      <UniqueIdentifier>{d99f95bd-cfb3-4003-8e48-8ca19c94c055}</UniqueIdentifier>
    </Filter>
    <Filter Include="Source Files\ogl">
      <UniqueIdentifier>{b291c03f-19a8-466a-945d-e248d95a7b9b}</UniqueIdentifier>
    </Filter>
    <Filter Include="Header Files\math">
      <UniqueIdentifier>{f2e2bd80-aefe-440c-84e6-abe559765c66}</UniqueIdentifier>
    </Filter>
    <Filter Include="Source Files\math">
      <UniqueIdentifier>{eb72b7a7-8141-4635-a85c-c59945307ab4}</UniqueIdentifier>
    </Filter>
    <Filter Include="Header Files\lighting">
      <UniqueIdentifier>{5c946612-fa99-44f1-9b63-54b4d76dad36}</UniqueIdentifier>
    </Filter>
    <Filter Include="Source Files\lighting">
      <UniqueIdentifier>{e8eb9c95-fdfa-456c-bb28-7fe1d3828ae3}</UniqueIdentifier>
    </Filter>
  </ItemGroup>
  <ItemGroup>
    <Text Include="ReadMe.txt" />
  </ItemGroup>
  <ItemGroup>
    <ClInclude Include="stdafx.h">
      <Filter>Header Files</Filter>
    </ClInclude>
    <ClInclude Include="targetver.h">
      <Filter>Header Files</Filter>
    </ClInclude>
    <ClInclude Include="Camera.h">
      <Filter>Header Files\camera</Filter>
    </ClInclude>
    <ClInclude Include="Trackball.h">
      <Filter>Header Files\camera</Filter>
    </ClInclude>
    <ClInclude Include="Texture.h">
      <Filter>Header Files\image</Filter>
    </ClInclude>
    <ClInclude Include="Mesh.h">
      <Filter>Header Files\mesh</Filter>
    </ClInclude>
    <ClInclude Include="..\include\tiny_obj_loader.h">
      <Filter>Header Files</Filter>
    </ClInclude>
    <ClInclude Include="OGLHelpers.h">
      <Filter>Header Files\ogl</Filter>
    </ClInclude>
    <ClInclude Include="MathConstants.h">
      <Filter>Header Files\math</Filter>
    </ClInclude>
    <ClInclude Include="Geometry.h">
      <Filter>Header Files\math</Filter>
    </ClInclude>
    <ClInclude Include="OGLProgram.h">
      <Filter>Header Files\ogl</Filter>
    </ClInclude>
    <ClInclude Include="Material.h">
      <Filter>Header Files\lighting</Filter>
    </ClInclude>
    <ClInclude Include="Light.h">
      <Filter>Header Files\lighting</Filter>
    </ClInclude>
    <ClInclude Include="Spotlight.h">
      <Filter>Header Files\lighting</Filter>
    </ClInclude>
  </ItemGroup>
  <ItemGroup>
    <ClCompile Include="stdafx.cpp">
      <Filter>Source Files</Filter>
    </ClCompile>
    <ClCompile Include="Camera.cpp">
      <Filter>Source Files\camera</Filter>
    </ClCompile>
    <ClCompile Include="Trackball.cpp">
      <Filter>Source Files\camera</Filter>
    </ClCompile>
    <ClCompile Include="Texture.cpp">
      <Filter>Source Files\image</Filter>
    </ClCompile>
    <ClCompile Include="Mesh.cpp">
      <Filter>Source Files\mesh</Filter>
    </ClCompile>
    <ClCompile Include="OGLHelpers.cpp">
      <Filter>Source Files\ogl</Filter>
    </ClCompile>
    <ClCompile Include="Geometry.cpp">
      <Filter>Source Files\math</Filter>
    </ClCompile>
    <ClCompile Include="OGLProgram.cpp">
      <Filter>Source Files\ogl</Filter>
    </ClCompile>
    <ClCompile Include="Material.cpp">
      <Filter>Source Files\lighting</Filter>
    </ClCompile>
    <ClCompile Include="Light.cpp">
      <Filter>Source Files\lighting</Filter>
    </ClCompile>
    <ClCompile Include="Spotlight.cpp">
      <Filter>Source Files\lighting</Filter>
    </ClCompile>
  </ItemGroup>
</Project>