<?xml version="1.0" encoding="utf-8"?>
<Project ToolsVersion="4.0" xmlns="http://schemas.microsoft.com/developer/msbuild/2003">
  <ItemGroup>
    <Filter Include="Source Files">
      <UniqueIdentifier>{4FC737F1-C7A5-4376-A066-2A32D752A2FF}</UniqueIdentifier>
      <Extensions>cpp;c;cc;cxx;def;odl;idl;hpj;bat;asm;asmx</Extensions>
    </Filter>
    <Filter Include="Header Files">
      <UniqueIdentifier>{93995380-89BD-4b04-88EB-625FBE52EBFB}</UniqueIdentifier>
      <Extensions>h;hh;hpp;hxx;hm;inl;inc;xsd</Extensions>
    </Filter>
    <Filter Include="Resource Files">
      <UniqueIdentifier>{67DA6AB6-F800-4c08-8B7A-83BB121AAD01}</UniqueIdentifier>
      <Extensions>rc;ico;cur;bmp;dlg;rc2;rct;bin;rgs;gif;jpg;jpeg;jpe;resx;tiff;tif;png;wav;mfcribbon-ms</Extensions>
    </Filter>
    <Filter Include="Header Files\glut">
      <UniqueIdentifier>{fb32c3c3-81c0-467a-b789-ccbfab02d299}</UniqueIdentifier>
    </Filter>
    <Filter Include="Header Files\scene">
      <UniqueIdentifier>{a53e9120-29ff-4835-a403-62b2be4e62a8}</UniqueIdentifier>
    </Filter>
    <Filter Include="Header Files\opengl">
      <UniqueIdentifier>{d545cb2d-05f1-4e3d-9848-75be0f736dd2}</UniqueIdentifier>
    </Filter>
    <Filter Include="Header Files\assets">
      <UniqueIdentifier>{c803a1c6-aefd-4553-a394-057d8d6dbfd4}</UniqueIdentifier>
    </Filter>
    <Filter Include="Source Files\glut">
      <UniqueIdentifier>{8d6fbf28-14f4-4735-a090-5612230d036f}</UniqueIdentifier>
    </Filter>
    <Filter Include="Source Files\opengl">
      <UniqueIdentifier>{91c5a829-b10b-4993-b1f6-b4ed8fc11c53}</UniqueIdentifier>
    </Filter>
    <Filter Include="Source Files\assets">
      <UniqueIdentifier>{f7b04890-f0d8-4e13-9caa-62e43b5b4a52}</UniqueIdentifier>
    </Filter>
    <Filter Include="Source Files\scene">
      <UniqueIdentifier>{d3a3ef55-860f-4581-b24e-fe4f00aaddd0}</UniqueIdentifier>
    </Filter>
    <Filter Include="Resource Files\shaders">
      <UniqueIdentifier>{af47199f-683b-40f9-9281-b2c166320d22}</UniqueIdentifier>
    </Filter>
    <Filter Include="Resource Files\meshes">
      <UniqueIdentifier>{8c0ccf5b-7b6d-4200-85f0-fc0026d99f1e}</UniqueIdentifier>
    </Filter>
  </ItemGroup>
  <ItemGroup>
    <ClInclude Include="Callbacks.h">
      <Filter>Header Files\glut</Filter>
    </ClInclude>
    <ClInclude Include="Globals.h">
      <Filter>Header Files\glut</Filter>
    </ClInclude>
    <ClInclude Include="Light.h">
      <Filter>Header Files\scene</Filter>
    </ClInclude>
    <ClInclude Include="Material.h">
      <Filter>Header Files\scene</Filter>
    </ClInclude>
    <ClInclude Include="LoadMesh.h">
      <Filter>Header Files\assets</Filter>
    </ClInclude>
    <ClInclude Include="opengl\HelperFunctions.h">
      <Filter>Header Files\opengl</Filter>
    </ClInclude>
    <ClInclude Include="opengl\OpenGLProgram.h">
      <Filter>Header Files\opengl</Filter>
    </ClInclude>
    <ClInclude Include="Homework1.h">
      <Filter>Header Files</Filter>
    </ClInclude>
  </ItemGroup>
  <ItemGroup>
    <ClCompile Include="Callbacks.cpp">
      <Filter>Source Files\glut</Filter>
    </ClCompile>
    <ClCompile Include="Globals.cpp">
      <Filter>Source Files\glut</Filter>
    </ClCompile>
    <ClCompile Include="LoadMesh.cpp">
      <Filter>Source Files\assets</Filter>
    </ClCompile>
    <ClCompile Include="Light.cpp">
      <Filter>Source Files\scene</Filter>
    </ClCompile>
    <ClCompile Include="Material.cpp">
      <Filter>Source Files\scene</Filter>
    </ClCompile>
    <ClCompile Include="opengl\HelperFunctions.cpp">
      <Filter>Source Files\opengl</Filter>
    </ClCompile>
    <ClCompile Include="opengl\OpenGLProgram.cpp">
      <Filter>Source Files\opengl</Filter>
    </ClCompile>
    <ClCompile Include="Homework1.cpp">
      <Filter>Source Files</Filter>
    </ClCompile>
  </ItemGroup>
  <ItemGroup>
    <None Include="shaders\fragmentShader.glsl">
      <Filter>Resource Files\shaders</Filter>
    </None>
    <None Include="shaders\vertexShader.glsl">
      <Filter>Resource Files\shaders</Filter>
    </None>
    <None Include="meshes\cow.ply">
      <Filter>Resource Files\meshes</Filter>
    </None>
  </ItemGroup>
</Project>