<?xml version="1.0" encoding="utf-8"?>
<Project ToolsVersion="4.0" xmlns="http://schemas.microsoft.com/developer/msbuild/2003">
  <ItemGroup>
    <Filter Include="Source Files">
      <UniqueIdentifier>{4FC737F1-C7A5-4376-A066-2A32D752A2FF}</UniqueIdentifier>
      <Extensions>cpp;c;cc;cxx;def;odl;idl;hpj;bat;asm;asmx</Extensions>
    </Filter>
    <Filter Include="Header Files">
      <UniqueIdentifier>{93995380-89BD-4b04-88EB-625FBE52EBFB}</UniqueIdentifier>
      <Extensions>h;hh;hpp;hxx;hm;inl;inc;xsd</Extensions>
    </Filter>
    <Filter Include="Resource Files">
      <UniqueIdentifier>{67DA6AB6-F800-4c08-8B7A-83BB121AAD01}</UniqueIdentifier>
      <Extensions>rc;ico;cur;bmp;dlg;rc2;rct;bin;rgs;gif;jpg;jpeg;jpe;resx;tiff;tif;png;wav;mfcribbon-ms</Extensions>
    </Filter>
    <Filter Include="Header Files\opengl">
      <UniqueIdentifier>{d96b728d-2237-49a3-a52b-2a1e616d9442}</UniqueIdentifier>
    </Filter>
    <Filter Include="Resource Files\shaders">
      <UniqueIdentifier>{805dddbb-c8f9-41c1-acc4-1bf0e8a1c5c6}</UniqueIdentifier>
    </Filter>
    <Filter Include="Source Files\opengl">
      <UniqueIdentifier>{b425459e-b793-4502-afe8-f4fe4386283e}</UniqueIdentifier>
    </Filter>
    <Filter Include="Header Files\glut">
      <UniqueIdentifier>{06a224b4-ff91-4115-9326-5e042d43510f}</UniqueIdentifier>
    </Filter>
    <Filter Include="Source Files\glut">
      <UniqueIdentifier>{3d83865d-8db0-420e-b47d-64889c2e814d}</UniqueIdentifier>
    </Filter>
    <Filter Include="Header Files\geometry">
      <UniqueIdentifier>{31810f95-b820-469f-9870-ec4fac2c655a}</UniqueIdentifier>
    </Filter>
    <Filter Include="Source Files\geometry">
      <UniqueIdentifier>{dcbe334a-95b6-40c2-93f2-9cdc1eb0fcd0}</UniqueIdentifier>
    </Filter>
  </ItemGroup>
  <ItemGroup>
    <None Include="shaders\fragmentShaderPoints.glsl">
      <Filter>Resource Files\shaders</Filter>
    </None>
    <None Include="shaders\vertexShaderPoints.glsl">
      <Filter>Resource Files\shaders</Filter>
    </None>
    <None Include="shaders\fragmentShaderContours.glsl">
      <Filter>Resource Files\shaders</Filter>
    </None>
    <None Include="shaders\fragmentShaderPolygons.glsl">
      <Filter>Resource Files\shaders</Filter>
    </None>
    <None Include="shaders\vertexShaderContours.glsl">
      <Filter>Resource Files\shaders</Filter>
    </None>
    <None Include="shaders\vertexShaderPolygons.glsl">
      <Filter>Resource Files\shaders</Filter>
    </None>
  </ItemGroup>
  <ItemGroup>
    <ClInclude Include="opengl\HelperFunctions.h">
      <Filter>Header Files\opengl</Filter>
    </ClInclude>
    <ClInclude Include="opengl\OpenGLProgram.h">
      <Filter>Header Files\opengl</Filter>
    </ClInclude>
    <ClInclude Include="Globals.h">
      <Filter>Header Files</Filter>
    </ClInclude>
    <ClInclude Include="interface.h">
      <Filter>Header Files\glut</Filter>
    </ClInclude>
    <ClInclude Include="convex_hull.h">
      <Filter>Header Files</Filter>
    </ClInclude>
    <ClInclude Include="geometry\BasicTest.h">
      <Filter>Header Files\geometry</Filter>
    </ClInclude>
  </ItemGroup>
  <ItemGroup>
    <ClCompile Include="opengl\HelperFunctions.cpp">
      <Filter>Source Files\opengl</Filter>
    </ClCompile>
    <ClCompile Include="opengl\OpenGLProgram.cpp">
      <Filter>Source Files\opengl</Filter>
    </ClCompile>
    <ClCompile Include="convex_hull.cpp">
      <Filter>Source Files</Filter>
    </ClCompile>
    <ClCompile Include="Globals.cpp">
      <Filter>Source Files</Filter>
    </ClCompile>
    <ClCompile Include="interface.cpp">
      <Filter>Source Files\glut</Filter>
    </ClCompile>
    <ClCompile Include="geometry\BasicTest.cpp">
      <Filter>Source Files\geometry</Filter>
    </ClCompile>
  </ItemGroup>
</Project>