
Microsoft Visual Studio Solution File, Format Version 12.00
# Visual Studio 2013
VisualStudioVersion = 12.0.40629.0
MinimumVisualStudioVersion = 10.0.40219.1
Project("{8BC9CEB8-8B4A-11D0-8D11-00A0C91BC942}") = "Template", "Template\Template.vcxproj", "{39C62F57-5381-442D-9966-5F0D963F0165}"
EndProject
Project("{2150E333-8FDC-42A3-9474-1A3956D46DE8}") = "Professor", "Professor", "{01936565-8235-479F-A578-81290E155910}"
EndProject
Project("{8BC9CEB8-8B4A-11D0-8D11-00A0C91BC942}") = "Lab0", "Lab0\Lab0.vcxproj", "{00ADECD8-D659-4FCC-9FF3-FB28B95B0DEF}"
EndProject
Project("{8BC9CEB8-8B4A-11D0-8D11-00A0C91BC942}") = "LabVAO", "LabVAO\LabVAO.vcxproj", "{EC089EA7-E0F1-46F5-9C12-71E57A118C07}"
EndProject
Project("{8BC9CEB8-8B4A-11D0-8D11-00A0C91BC942}") = "LabUBO", "LabUBO\LabUBO.vcxproj", "{E4D9A93C-19A0-405F-A2A0-1EC4CA055BE5}"
EndProject
Project("{2150E333-8FDC-42A3-9474-1A3956D46DE8}") = "Excercises", "Excercises", "{9CE8C1F0-65E7-436F-996D-62EF20D8BC28}"
EndProject
Project("{8BC9CEB8-8B4A-11D0-8D11-00A0C91BC942}") = "InClassExercise01", "InClassExercise01\InClassExercise01.vcxproj", "{CFA41CD5-CE05-42BE-8671-C51B756769B3}"
EndProject
Project("{8BC9CEB8-8B4A-11D0-8D11-00A0C91BC942}") = "InstanceRendering", "InstanceRendering\InstanceRendering.vcxproj", "{8744DF72-078B-4BC3-867B-547098986956}"
EndProject
Project("{8BC9CEB8-8B4A-11D0-8D11-00A0C91BC942}") = "InstanceLab", "InstanceLab\InstanceLab.vcxproj", "{9D228658-FA9C-4082-BAAE-11E5EF12017E}"
EndProject
Project("{8BC9CEB8-8B4A-11D0-8D11-00A0C91BC942}") = "TemplateLighting", "TemplateLighting\TemplateLighting.vcxproj", "{FDE10E83-1CAD-4272-8133-D6A56312844E}"
EndProject
Project("{2150E333-8FDC-42A3-9474-1A3956D46DE8}") = "Homeworks", "Homeworks", "{746075D0-3B00-4E32-A3B8-1B2CB2FB43F1}"
EndProject
Project("{8BC9CEB8-8B4A-11D0-8D11-00A0C91BC942}") = "Homework1", "Homework1\Homework1.vcxproj", "{E49A04A3-84EC-465E-8928-E8D382EE0A17}"
EndProject
Project("{8BC9CEB8-8B4A-11D0-8D11-00A0C91BC942}") = "LabFBO", "LabFBO\LabFBO.vcxproj", "{A77D7366-2357-422C-B04B-E51EB4ADEC97}"
EndProject
Global
	GlobalSection(SolutionConfigurationPlatforms) = preSolution
		Debug|Win32 = Debug|Win32
		Debug|x64 = Debug|x64
		Release|Win32 = Release|Win32
		Release|x64 = Release|x64
	EndGlobalSection
	GlobalSection(ProjectConfigurationPlatforms) = postSolution
		{39C62F57-5381-442D-9966-5F0D963F0165}.Debug|Win32.ActiveCfg = Debug|Win32
		{39C62F57-5381-442D-9966-5F0D963F0165}.Debug|Win32.Build.0 = Debug|Win32
		{39C62F57-5381-442D-9966-5F0D963F0165}.Debug|x64.ActiveCfg = Debug|x64
		{39C62F57-5381-442D-9966-5F0D963F0165}.Debug|x64.Build.0 = Debug|x64
		{39C62F57-5381-442D-9966-5F0D963F0165}.Release|Win32.ActiveCfg = Release|Win32
		{39C62F57-5381-442D-9966-5F0D963F0165}.Release|Win32.Build.0 = Release|Win32
		{39C62F57-5381-442D-9966-5F0D963F0165}.Release|x64.ActiveCfg = Release|x64
		{39C62F57-5381-442D-9966-5F0D963F0165}.Release|x64.Build.0 = Release|x64
		{00ADECD8-D659-4FCC-9FF3-FB28B95B0DEF}.Debug|Win32.ActiveCfg = Debug|Win32
		{00ADECD8-D659-4FCC-9FF3-FB28B95B0DEF}.Debug|Win32.Build.0 = Debug|Win32
		{00ADECD8-D659-4FCC-9FF3-FB28B95B0DEF}.Debug|x64.ActiveCfg = Debug|x64
		{00ADECD8-D659-4FCC-9FF3-FB28B95B0DEF}.Debug|x64.Build.0 = Debug|x64
		{00ADECD8-D659-4FCC-9FF3-FB28B95B0DEF}.Release|Win32.ActiveCfg = Release|Win32
		{00ADECD8-D659-4FCC-9FF3-FB28B95B0DEF}.Release|Win32.Build.0 = Release|Win32
		{00ADECD8-D659-4FCC-9FF3-FB28B95B0DEF}.Release|x64.ActiveCfg = Release|x64
		{00ADECD8-D659-4FCC-9FF3-FB28B95B0DEF}.Release|x64.Build.0 = Release|x64
		{EC089EA7-E0F1-46F5-9C12-71E57A118C07}.Debug|Win32.ActiveCfg = Debug|Win32
		{EC089EA7-E0F1-46F5-9C12-71E57A118C07}.Debug|Win32.Build.0 = Debug|Win32
		{EC089EA7-E0F1-46F5-9C12-71E57A118C07}.Debug|x64.ActiveCfg = Debug|x64
		{EC089EA7-E0F1-46F5-9C12-71E57A118C07}.Debug|x64.Build.0 = Debug|x64
		{EC089EA7-E0F1-46F5-9C12-71E57A118C07}.Release|Win32.ActiveCfg = Release|Win32
		{EC089EA7-E0F1-46F5-9C12-71E57A118C07}.Release|Win32.Build.0 = Release|Win32
		{EC089EA7-E0F1-46F5-9C12-71E57A118C07}.Release|x64.ActiveCfg = Release|x64
		{EC089EA7-E0F1-46F5-9C12-71E57A118C07}.Release|x64.Build.0 = Release|x64
		{E4D9A93C-19A0-405F-A2A0-1EC4CA055BE5}.Debug|Win32.ActiveCfg = Debug|Win32
		{E4D9A93C-19A0-405F-A2A0-1EC4CA055BE5}.Debug|Win32.Build.0 = Debug|Win32
		{E4D9A93C-19A0-405F-A2A0-1EC4CA055BE5}.Debug|x64.ActiveCfg = Debug|x64
		{E4D9A93C-19A0-405F-A2A0-1EC4CA055BE5}.Debug|x64.Build.0 = Debug|x64
		{E4D9A93C-19A0-405F-A2A0-1EC4CA055BE5}.Release|Win32.ActiveCfg = Release|Win32
		{E4D9A93C-19A0-405F-A2A0-1EC4CA055BE5}.Release|Win32.Build.0 = Release|Win32
		{E4D9A93C-19A0-405F-A2A0-1EC4CA055BE5}.Release|x64.ActiveCfg = Release|x64
		{E4D9A93C-19A0-405F-A2A0-1EC4CA055BE5}.Release|x64.Build.0 = Release|x64
		{CFA41CD5-CE05-42BE-8671-C51B756769B3}.Debug|Win32.ActiveCfg = Debug|Win32
		{CFA41CD5-CE05-42BE-8671-C51B756769B3}.Debug|Win32.Build.0 = Debug|Win32
		{CFA41CD5-CE05-42BE-8671-C51B756769B3}.Debug|x64.ActiveCfg = Debug|x64
		{CFA41CD5-CE05-42BE-8671-C51B756769B3}.Debug|x64.Build.0 = Debug|x64
		{CFA41CD5-CE05-42BE-8671-C51B756769B3}.Release|Win32.ActiveCfg = Release|Win32
		{CFA41CD5-CE05-42BE-8671-C51B756769B3}.Release|Win32.Build.0 = Release|Win32
		{CFA41CD5-CE05-42BE-8671-C51B756769B3}.Release|x64.ActiveCfg = Release|x64
		{CFA41CD5-CE05-42BE-8671-C51B756769B3}.Release|x64.Build.0 = Release|x64
		{8744DF72-078B-4BC3-867B-547098986956}.Debug|Win32.ActiveCfg = Debug|Win32
		{8744DF72-078B-4BC3-867B-547098986956}.Debug|Win32.Build.0 = Debug|Win32
		{8744DF72-078B-4BC3-867B-547098986956}.Debug|x64.ActiveCfg = Debug|x64
		{8744DF72-078B-4BC3-867B-547098986956}.Debug|x64.Build.0 = Debug|x64
		{8744DF72-078B-4BC3-867B-547098986956}.Release|Win32.ActiveCfg = Release|Win32
		{8744DF72-078B-4BC3-867B-547098986956}.Release|Win32.Build.0 = Release|Win32
		{8744DF72-078B-4BC3-867B-547098986956}.Release|x64.ActiveCfg = Release|x64
		{8744DF72-078B-4BC3-867B-547098986956}.Release|x64.Build.0 = Release|x64
		{9D228658-FA9C-4082-BAAE-11E5EF12017E}.Debug|Win32.ActiveCfg = Debug|Win32
		{9D228658-FA9C-4082-BAAE-11E5EF12017E}.Debug|Win32.Build.0 = Debug|Win32
		{9D228658-FA9C-4082-BAAE-11E5EF12017E}.Debug|x64.ActiveCfg = Debug|x64
		{9D228658-FA9C-4082-BAAE-11E5EF12017E}.Debug|x64.Build.0 = Debug|x64
		{9D228658-FA9C-4082-BAAE-11E5EF12017E}.Release|Win32.ActiveCfg = Release|Win32
		{9D228658-FA9C-4082-BAAE-11E5EF12017E}.Release|Win32.Build.0 = Release|Win32
		{9D228658-FA9C-4082-BAAE-11E5EF12017E}.Release|x64.ActiveCfg = Release|x64
		{9D228658-FA9C-4082-BAAE-11E5EF12017E}.Release|x64.Build.0 = Release|x64
		{FDE10E83-1CAD-4272-8133-D6A56312844E}.Debug|Win32.ActiveCfg = Debug|Win32
		{FDE10E83-1CAD-4272-8133-D6A56312844E}.Debug|Win32.Build.0 = Debug|Win32
		{FDE10E83-1CAD-4272-8133-D6A56312844E}.Debug|x64.ActiveCfg = Debug|x64
		{FDE10E83-1CAD-4272-8133-D6A56312844E}.Debug|x64.Build.0 = Debug|x64
		{FDE10E83-1CAD-4272-8133-D6A56312844E}.Release|Win32.ActiveCfg = Release|Win32
		{FDE10E83-1CAD-4272-8133-D6A56312844E}.Release|Win32.Build.0 = Release|Win32
		{FDE10E83-1CAD-4272-8133-D6A56312844E}.Release|x64.ActiveCfg = Release|x64
		{FDE10E83-1CAD-4272-8133-D6A56312844E}.Release|x64.Build.0 = Release|x64
		{E49A04A3-84EC-465E-8928-E8D382EE0A17}.Debug|Win32.ActiveCfg = Debug|Win32
		{E49A04A3-84EC-465E-8928-E8D382EE0A17}.Debug|Win32.Build.0 = Debug|Win32
		{E49A04A3-84EC-465E-8928-E8D382EE0A17}.Debug|x64.ActiveCfg = Debug|x64
		{E49A04A3-84EC-465E-8928-E8D382EE0A17}.Debug|x64.Build.0 = Debug|x64
		{E49A04A3-84EC-465E-8928-E8D382EE0A17}.Release|Win32.ActiveCfg = Release|Win32
		{E49A04A3-84EC-465E-8928-E8D382EE0A17}.Release|Win32.Build.0 = Release|Win32
		{E49A04A3-84EC-465E-8928-E8D382EE0A17}.Release|x64.ActiveCfg = Release|x64
		{E49A04A3-84EC-465E-8928-E8D382EE0A17}.Release|x64.Build.0 = Release|x64
		{A77D7366-2357-422C-B04B-E51EB4ADEC97}.Debug|Win32.ActiveCfg = Debug|Win32
		{A77D7366-2357-422C-B04B-E51EB4ADEC97}.Debug|Win32.Build.0 = Debug|Win32
		{A77D7366-2357-422C-B04B-E51EB4ADEC97}.Debug|x64.ActiveCfg = Debug|x64
		{A77D7366-2357-422C-B04B-E51EB4ADEC97}.Debug|x64.Build.0 = Debug|x64
		{A77D7366-2357-422C-B04B-E51EB4ADEC97}.Release|Win32.ActiveCfg = Release|Win32
		{A77D7366-2357-422C-B04B-E51EB4ADEC97}.Release|Win32.Build.0 = Release|Win32
		{A77D7366-2357-422C-B04B-E51EB4ADEC97}.Release|x64.ActiveCfg = Release|Win32
	EndGlobalSection
	GlobalSection(SolutionProperties) = preSolution
		HideSolutionNode = FALSE
	EndGlobalSection
	GlobalSection(NestedProjects) = preSolution
		{00ADECD8-D659-4FCC-9FF3-FB28B95B0DEF} = {01936565-8235-479F-A578-81290E155910}
		{EC089EA7-E0F1-46F5-9C12-71E57A118C07} = {01936565-8235-479F-A578-81290E155910}
		{E4D9A93C-19A0-405F-A2A0-1EC4CA055BE5} = {01936565-8235-479F-A578-81290E155910}
		{CFA41CD5-CE05-42BE-8671-C51B756769B3} = {9CE8C1F0-65E7-436F-996D-62EF20D8BC28}
		{8744DF72-078B-4BC3-867B-547098986956} = {01936565-8235-479F-A578-81290E155910}
		{9D228658-FA9C-4082-BAAE-11E5EF12017E} = {9CE8C1F0-65E7-436F-996D-62EF20D8BC28}
		{E49A04A3-84EC-465E-8928-E8D382EE0A17} = {746075D0-3B00-4E32-A3B8-1B2CB2FB43F1}
		{A77D7366-2357-422C-B04B-E51EB4ADEC97} = {01936565-8235-479F-A578-81290E155910}
	EndGlobalSection
EndGlobal
