<?xml version="1.0" encoding="utf-8"?>
<Project ToolsVersion="4.0" xmlns="http://schemas.microsoft.com/developer/msbuild/2003">
  <ItemGroup>
    <Filter Include="Source Files">
      <UniqueIdentifier>{4FC737F1-C7A5-4376-A066-2A32D752A2FF}</UniqueIdentifier>
      <Extensions>cpp;c;cc;cxx;def;odl;idl;hpj;bat;asm;asmx</Extensions>
    </Filter>
    <Filter Include="Header Files">
      <UniqueIdentifier>{93995380-89BD-4b04-88EB-625FBE52EBFB}</UniqueIdentifier>
      <Extensions>h;hh;hpp;hxx;hm;inl;inc;xsd</Extensions>
    </Filter>
    <Filter Include="Resource Files">
      <UniqueIdentifier>{67DA6AB6-F800-4c08-8B7A-83BB121AAD01}</UniqueIdentifier>
      <Extensions>rc;ico;cur;bmp;dlg;rc2;rct;bin;rgs;gif;jpg;jpeg;jpe;resx;tiff;tif;png;wav;mfcribbon-ms</Extensions>
    </Filter>
    <Filter Include="Resource Files\shaders">
      <UniqueIdentifier>{18de73dd-ba6c-4a8d-bcf8-5eb59af30652}</UniqueIdentifier>
    </Filter>
    <Filter Include="Header Files\glut">
      <UniqueIdentifier>{8bba82d7-d860-467d-9f0a-44d89c2a812c}</UniqueIdentifier>
    </Filter>
    <Filter Include="Header Files\image">
      <UniqueIdentifier>{079742cf-fc38-4f2b-8470-6f7b9c3c0252}</UniqueIdentifier>
    </Filter>
    <Filter Include="Header Files\opengl">
      <UniqueIdentifier>{91005511-225e-4bd6-8374-d211803282eb}</UniqueIdentifier>
    </Filter>
    <Filter Include="Header Files\scene">
      <UniqueIdentifier>{ebb17e7f-858b-4c2a-97ef-f83ffb90b2e4}</UniqueIdentifier>
    </Filter>
    <Filter Include="Source Files\glut">
      <UniqueIdentifier>{91ff1ac5-8423-431c-9e2d-aac430a5bbb6}</UniqueIdentifier>
    </Filter>
    <Filter Include="Source Files\image">
      <UniqueIdentifier>{d086999a-bf08-4d78-897f-f71d4b1bb159}</UniqueIdentifier>
    </Filter>
    <Filter Include="Source Files\opengl">
      <UniqueIdentifier>{58e8f1da-c086-42db-8153-ad897b13ccc3}</UniqueIdentifier>
    </Filter>
    <Filter Include="Source Files\scene">
      <UniqueIdentifier>{6b307024-b268-49be-afcb-29eea93b131f}</UniqueIdentifier>
    </Filter>
    <Filter Include="Header Files\imgui">
      <UniqueIdentifier>{59901557-5b5b-4965-977a-e93eb596cd81}</UniqueIdentifier>
    </Filter>
    <Filter Include="Source Files\imgui">
      <UniqueIdentifier>{3b3d1c7b-5f32-451f-88e3-c91ffc592afa}</UniqueIdentifier>
    </Filter>
  </ItemGroup>
  <ItemGroup>
    <ClInclude Include="glut\Callbacks.h">
      <Filter>Header Files\glut</Filter>
    </ClInclude>
    <ClInclude Include="glut\Globals.h">
      <Filter>Header Files\glut</Filter>
    </ClInclude>
    <ClInclude Include="image\Texture.h">
      <Filter>Header Files\image</Filter>
    </ClInclude>
    <ClInclude Include="scene\Light.h">
      <Filter>Header Files\scene</Filter>
    </ClInclude>
    <ClInclude Include="scene\Material.h">
      <Filter>Header Files\scene</Filter>
    </ClInclude>
    <ClInclude Include="scene\Mesh.h">
      <Filter>Header Files\scene</Filter>
    </ClInclude>
    <ClInclude Include="opengl\HelperFunctions.h">
      <Filter>Header Files\opengl</Filter>
    </ClInclude>
    <ClInclude Include="opengl\OpenGLProgram.h">
      <Filter>Header Files\opengl</Filter>
    </ClInclude>
    <ClInclude Include="LightingDemo.h">
      <Filter>Header Files</Filter>
    </ClInclude>
    <ClInclude Include="imgui\imconfig.h">
      <Filter>Header Files\imgui</Filter>
    </ClInclude>
    <ClInclude Include="imgui\imgui.h">
      <Filter>Header Files\imgui</Filter>
    </ClInclude>
    <ClInclude Include="imgui\imgui_internal.h">
      <Filter>Header Files\imgui</Filter>
    </ClInclude>
    <ClInclude Include="imgui\stb_rect_pack.h">
      <Filter>Header Files\imgui</Filter>
    </ClInclude>
    <ClInclude Include="imgui\stb_textedit.h">
      <Filter>Header Files\imgui</Filter>
    </ClInclude>
    <ClInclude Include="imgui\stb_truetype.h">
      <Filter>Header Files\imgui</Filter>
    </ClInclude>
    <ClInclude Include="imgui\imgui_impl_glut.h">
      <Filter>Header Files\imgui</Filter>
    </ClInclude>
  </ItemGroup>
  <ItemGroup>
    <ClCompile Include="glut\Callbacks.cpp">
      <Filter>Source Files\glut</Filter>
    </ClCompile>
    <ClCompile Include="glut\Globals.cpp">
      <Filter>Source Files\glut</Filter>
    </ClCompile>
    <ClCompile Include="image\Texture.cpp">
      <Filter>Source Files\image</Filter>
    </ClCompile>
    <ClCompile Include="scene\Light.cpp">
      <Filter>Source Files\scene</Filter>
    </ClCompile>
    <ClCompile Include="scene\Material.cpp">
      <Filter>Source Files\scene</Filter>
    </ClCompile>
    <ClCompile Include="scene\Mesh.cpp">
      <Filter>Source Files\scene</Filter>
    </ClCompile>
    <ClCompile Include="opengl\HelperFunctions.cpp">
      <Filter>Source Files\opengl</Filter>
    </ClCompile>
    <ClCompile Include="opengl\OpenGLProgram.cpp">
      <Filter>Source Files\opengl</Filter>
    </ClCompile>
    <ClCompile Include="LightingDemo.cpp">
      <Filter>Source Files</Filter>
    </ClCompile>
    <ClCompile Include="imgui\imgui.cpp">
      <Filter>Source Files\imgui</Filter>
    </ClCompile>
    <ClCompile Include="imgui\imgui_demo.cpp">
      <Filter>Source Files\imgui</Filter>
    </ClCompile>
    <ClCompile Include="imgui\imgui_draw.cpp">
      <Filter>Source Files\imgui</Filter>
    </ClCompile>
    <ClCompile Include="imgui\imgui_impl_glut.cpp">
      <Filter>Source Files\imgui</Filter>
    </ClCompile>
  </ItemGroup>
  <ItemGroup>
    <Object Include="Amago0.obj">
      <Filter>Resource Files</Filter>
    </Object>
  </ItemGroup>
  <ItemGroup>
    <Image Include="AmagoT.bmp">
      <Filter>Resource Files</Filter>
    </Image>
  </ItemGroup>
</Project>