<?xml version="1.0" encoding="utf-8"?>
<Project ToolsVersion="4.0" xmlns="http://schemas.microsoft.com/developer/msbuild/2003">
  <ItemGroup>
    <Filter Include="Source Files">
      <UniqueIdentifier>{4FC737F1-C7A5-4376-A066-2A32D752A2FF}</UniqueIdentifier>
      <Extensions>cpp;c;cc;cxx;def;odl;idl;hpj;bat;asm;asmx</Extensions>
    </Filter>
    <Filter Include="Header Files">
      <UniqueIdentifier>{93995380-89BD-4b04-88EB-625FBE52EBFB}</UniqueIdentifier>
      <Extensions>h;hh;hpp;hxx;hm;inl;inc;xsd</Extensions>
    </Filter>
    <Filter Include="Resource Files">
      <UniqueIdentifier>{67DA6AB6-F800-4c08-8B7A-83BB121AAD01}</UniqueIdentifier>
      <Extensions>rc;ico;cur;bmp;dlg;rc2;rct;bin;rgs;gif;jpg;jpeg;jpe;resx;tiff;tif;png;wav;mfcribbon-ms</Extensions>
    </Filter>
    <Filter Include="Header Files\shaders">
      <UniqueIdentifier>{36f9371b-dc88-4283-9747-43efd5f0d4b8}</UniqueIdentifier>
    </Filter>
    <Filter Include="Source Files\shaders">
      <UniqueIdentifier>{25169ab9-cba3-4a99-9a9e-280f9ada3cfd}</UniqueIdentifier>
    </Filter>
    <Filter Include="Header Files\fbo">
      <UniqueIdentifier>{f44d300c-5973-4d5e-a99b-b9146bb7f1af}</UniqueIdentifier>
    </Filter>
    <Filter Include="Source Files\fbo">
      <UniqueIdentifier>{aaf1efe4-fa3c-4bd5-b6de-240ead6dd802}</UniqueIdentifier>
    </Filter>
    <Filter Include="Header Files\textures">
      <UniqueIdentifier>{5e14afc6-48d2-4c08-9954-74ebb7995806}</UniqueIdentifier>
    </Filter>
    <Filter Include="Source Files\textures">
      <UniqueIdentifier>{097511e5-03f6-4a38-a453-111a0361411a}</UniqueIdentifier>
    </Filter>
  </ItemGroup>
  <ItemGroup>
    <ClInclude Include="OpenGLProgram.h">
      <Filter>Header Files\shaders</Filter>
    </ClInclude>
    <ClInclude Include="fbo\FBOHandler.h">
      <Filter>Header Files\fbo</Filter>
    </ClInclude>
    <ClInclude Include="textures\TextureHandler.h">
      <Filter>Header Files\textures</Filter>
    </ClInclude>
  </ItemGroup>
  <ItemGroup>
    <ClCompile Include="OpenGLProgram.cpp">
      <Filter>Source Files\shaders</Filter>
    </ClCompile>
    <ClCompile Include="Project05.cpp">
      <Filter>Source Files</Filter>
    </ClCompile>
    <ClCompile Include="fbo\FBOHandler.cpp">
      <Filter>Source Files\fbo</Filter>
    </ClCompile>
    <ClCompile Include="textures\TextureHandler.cpp">
      <Filter>Source Files\textures</Filter>
    </ClCompile>
  </ItemGroup>
</Project>